
Microsoft Visual Studio Solution File, Format Version 12.00
# Visual Studio Version 16
VisualStudioVersion = 25.0.1704.2
MinimumVisualStudioVersion = 10.0.40219.1
Project("{FAE04EC0-301F-11D3-BF4B-00C04F79EFBC}") = "Chat.Api", "Chat.Api\Chat.Api.csproj", "{2101F8B0-9B4D-4EAF-BF8B-BEDB572E4E55}"
EndProject
Project("{FAE04EC0-301F-11D3-BF4B-00C04F79EFBC}") = "Chat.Entities", "Chat.Entities\Chat.Entities.csproj", "{3F22AC4B-2763-4BD1-B598-0ED4BF65129D}"
EndProject
Project("{FAE04EC0-301F-11D3-BF4B-00C04F79EFBC}") = "Chat.Repositories", "Chat.Repositories\Chat.Repositories.csproj", "{1E90C231-AA82-4D3A-A0FB-F8D7FD70A08D}"
EndProject
Project("{FAE04EC0-301F-11D3-BF4B-00C04F79EFBC}") = "Chat.Business", "Chat.Business\Chat.Business.csproj", "{66639DCF-0D38-45F3-BCF1-D296FF9036E5}"
EndProject
Project("{FAE04EC0-301F-11D3-BF4B-00C04F79EFBC}") = "Chat.Shared", "Chat.Shared\Chat.Shared.csproj", "{4489076F-8C66-485E-89C0-CA6898FE0BBC}"
EndProject
Global
	GlobalSection(SolutionConfigurationPlatforms) = preSolution
		Debug|Any CPU = Debug|Any CPU
		Release|Any CPU = Release|Any CPU
	EndGlobalSection
	GlobalSection(ProjectConfigurationPlatforms) = postSolution
		{2101F8B0-9B4D-4EAF-BF8B-BEDB572E4E55}.Debug|Any CPU.ActiveCfg = Debug|Any CPU
		{2101F8B0-9B4D-4EAF-BF8B-BEDB572E4E55}.Debug|Any CPU.Build.0 = Debug|Any CPU
		{2101F8B0-9B4D-4EAF-BF8B-BEDB572E4E55}.Release|Any CPU.ActiveCfg = Release|Any CPU
		{2101F8B0-9B4D-4EAF-BF8B-BEDB572E4E55}.Release|Any CPU.Build.0 = Release|Any CPU
		{3F22AC4B-2763-4BD1-B598-0ED4BF65129D}.Debug|Any CPU.ActiveCfg = Debug|Any CPU
		{3F22AC4B-2763-4BD1-B598-0ED4BF65129D}.Debug|Any CPU.Build.0 = Debug|Any CPU
		{3F22AC4B-2763-4BD1-B598-0ED4BF65129D}.Release|Any CPU.ActiveCfg = Release|Any CPU
		{3F22AC4B-2763-4BD1-B598-0ED4BF65129D}.Release|Any CPU.Build.0 = Release|Any CPU
		{1E90C231-AA82-4D3A-A0FB-F8D7FD70A08D}.Debug|Any CPU.ActiveCfg = Debug|Any CPU
		{1E90C231-AA82-4D3A-A0FB-F8D7FD70A08D}.Debug|Any CPU.Build.0 = Debug|Any CPU
		{1E90C231-AA82-4D3A-A0FB-F8D7FD70A08D}.Release|Any CPU.ActiveCfg = Release|Any CPU
		{1E90C231-AA82-4D3A-A0FB-F8D7FD70A08D}.Release|Any CPU.Build.0 = Release|Any CPU
		{66639DCF-0D38-45F3-BCF1-D296FF9036E5}.Debug|Any CPU.ActiveCfg = Debug|Any CPU
		{66639DCF-0D38-45F3-BCF1-D296FF9036E5}.Debug|Any CPU.Build.0 = Debug|Any CPU
		{66639DCF-0D38-45F3-BCF1-D296FF9036E5}.Release|Any CPU.ActiveCfg = Release|Any CPU
		{66639DCF-0D38-45F3-BCF1-D296FF9036E5}.Release|Any CPU.Build.0 = Release|Any CPU
		{4489076F-8C66-485E-89C0-CA6898FE0BBC}.Debug|Any CPU.ActiveCfg = Debug|Any CPU
		{4489076F-8C66-485E-89C0-CA6898FE0BBC}.Debug|Any CPU.Build.0 = Debug|Any CPU
		{4489076F-8C66-485E-89C0-CA6898FE0BBC}.Release|Any CPU.ActiveCfg = Release|Any CPU
		{4489076F-8C66-485E-89C0-CA6898FE0BBC}.Release|Any CPU.Build.0 = Release|Any CPU
	EndGlobalSection
	GlobalSection(SolutionProperties) = preSolution
		HideSolutionNode = FALSE
	EndGlobalSection
	GlobalSection(ExtensibilityGlobals) = postSolution
		SolutionGuid = {1D8F8D8B-D3AA-4B21-82FD-69CBD66FC8BE}
	EndGlobalSection
EndGlobal
